{
  "name": "ultimate_pi",
  "lockfileVersion": 3,
  "requires": true,
  "packages": {
    "": {
      "devDependencies": {
        "@nativescript/android": "^8.6.2"
      }
    },
    "node_modules/@nativescript/android": {
      "version": "8.6.2",
      "resolved": "https://registry.npmjs.org/@nativescript/android/-/android-8.6.2.tgz",
      "integrity": "sha512-z93vjHgy7Z8SCPBHS/fDGYnJJQIgqrd6nSJ7tWbTIxnDPwMSYUxdA4T0dnjgGrnIkvpkGfUGOAxgjS9TnIp90Q==",
      "dev": true
    }
  }
}
